
Microsoft Visual Studio Solution File, Format Version 12.00
# Visual Studio Version 17
VisualStudioVersion = 17.14.37012.4
MinimumVisualStudioVersion = 10.0.40219.1
Project("{2150E333-8FDC-42A3-9474-1A3956D46DE8}") = "Demo", "Demo", "{02EA681E-C7D8-13C7-8484-4AC65E1B71E8}"
EndProject
Project("{FAE04EC0-301F-11D3-BF4B-00C04F79EFBC}") = "DataToolkit.Sample.Basic", "Demo\DataToolkit.Sample.Basic\DataToolkit.Sample.Basic.csproj", "{ED7C1B17-CF9A-4A0A-A079-81429F6AD25C}"
EndProject
Project("{2150E333-8FDC-42A3-9474-1A3956D46DE8}") = "Library", "Library", "{3BB2B63C-7AA9-4C0C-8C60-3CF0BD835F33}"
EndProject
Project("{FAE04EC0-301F-11D3-BF4B-00C04F79EFBC}") = "DataToolkit.Library", "Library\DataToolkit.Library\DataToolkit.Library.csproj", "{12F0C7B9-AC6D-B518-0FE7-EB893F0BEE48}"
EndProject
Project("{FAE04EC0-301F-11D3-BF4B-00C04F79EFBC}") = "DataToolkit.Provider.SqlServer", "Library\DataToolkit.Provider.SqlServer\DataToolkit.Provider.SqlServer.csproj", "{5257E1A6-D5FC-4494-87A7-8C6E362C134F}"
EndProject
Project("{FAE04EC0-301F-11D3-BF4B-00C04F79EFBC}") = "DataToolkit.Provider.Sybase", "Library\DataToolkit.Provider.Sybase\DataToolkit.Provider.Sybase.csproj", "{C0F36F97-4C85-42FF-AD44-2E4343D32E01}"
EndProject
Project("{FAE04EC0-301F-11D3-BF4B-00C04F79EFBC}") = "DataToolkit.Sample.Advanced", "Demo\DataToolkit.Sample.Advanced\DataToolkit.Sample.Advanced.csproj", "{0E374486-20CB-4EDC-BE9A-3099B7BA5C74}"
EndProject
Project("{2150E333-8FDC-42A3-9474-1A3956D46DE8}") = "Builder", "Builder", "{5F33B7F1-4C8C-4BB8-AE4A-77E7EC08B7C3}"
EndProject
Project("{FAE04EC0-301F-11D3-BF4B-00C04F79EFBC}") = "DataToolkit.Builder", "Builder\DataToolkit.Builder\DataToolkit.Builder.csproj", "{F35EA724-5AC5-405E-98B9-9DF36B371A83}"
EndProject
Global
	GlobalSection(SolutionConfigurationPlatforms) = preSolution
		Debug|Any CPU = Debug|Any CPU
		Release|Any CPU = Release|Any CPU
	EndGlobalSection
	GlobalSection(ProjectConfigurationPlatforms) = postSolution
		{ED7C1B17-CF9A-4A0A-A079-81429F6AD25C}.Debug|Any CPU.ActiveCfg = Debug|Any CPU
		{ED7C1B17-CF9A-4A0A-A079-81429F6AD25C}.Debug|Any CPU.Build.0 = Debug|Any CPU
		{ED7C1B17-CF9A-4A0A-A079-81429F6AD25C}.Release|Any CPU.ActiveCfg = Release|Any CPU
		{ED7C1B17-CF9A-4A0A-A079-81429F6AD25C}.Release|Any CPU.Build.0 = Release|Any CPU
		{12F0C7B9-AC6D-B518-0FE7-EB893F0BEE48}.Debug|Any CPU.ActiveCfg = Debug|Any CPU
		{12F0C7B9-AC6D-B518-0FE7-EB893F0BEE48}.Debug|Any CPU.Build.0 = Debug|Any CPU
		{12F0C7B9-AC6D-B518-0FE7-EB893F0BEE48}.Release|Any CPU.ActiveCfg = Release|Any CPU
		{12F0C7B9-AC6D-B518-0FE7-EB893F0BEE48}.Release|Any CPU.Build.0 = Release|Any CPU
		{5257E1A6-D5FC-4494-87A7-8C6E362C134F}.Debug|Any CPU.ActiveCfg = Debug|Any CPU
		{5257E1A6-D5FC-4494-87A7-8C6E362C134F}.Debug|Any CPU.Build.0 = Debug|Any CPU
		{5257E1A6-D5FC-4494-87A7-8C6E362C134F}.Release|Any CPU.ActiveCfg = Release|Any CPU
		{5257E1A6-D5FC-4494-87A7-8C6E362C134F}.Release|Any CPU.Build.0 = Release|Any CPU
		{C0F36F97-4C85-42FF-AD44-2E4343D32E01}.Debug|Any CPU.ActiveCfg = Debug|Any CPU
		{C0F36F97-4C85-42FF-AD44-2E4343D32E01}.Debug|Any CPU.Build.0 = Debug|Any CPU
		{C0F36F97-4C85-42FF-AD44-2E4343D32E01}.Release|Any CPU.ActiveCfg = Release|Any CPU
		{C0F36F97-4C85-42FF-AD44-2E4343D32E01}.Release|Any CPU.Build.0 = Release|Any CPU
		{0E374486-20CB-4EDC-BE9A-3099B7BA5C74}.Debug|Any CPU.ActiveCfg = Debug|Any CPU
		{0E374486-20CB-4EDC-BE9A-3099B7BA5C74}.Debug|Any CPU.Build.0 = Debug|Any CPU
		{0E374486-20CB-4EDC-BE9A-3099B7BA5C74}.Release|Any CPU.ActiveCfg = Release|Any CPU
		{0E374486-20CB-4EDC-BE9A-3099B7BA5C74}.Release|Any CPU.Build.0 = Release|Any CPU
		{F35EA724-5AC5-405E-98B9-9DF36B371A83}.Debug|Any CPU.ActiveCfg = Debug|Any CPU
		{F35EA724-5AC5-405E-98B9-9DF36B371A83}.Debug|Any CPU.Build.0 = Debug|Any CPU
		{F35EA724-5AC5-405E-98B9-9DF36B371A83}.Release|Any CPU.ActiveCfg = Release|Any CPU
		{F35EA724-5AC5-405E-98B9-9DF36B371A83}.Release|Any CPU.Build.0 = Release|Any CPU
	EndGlobalSection
	GlobalSection(SolutionProperties) = preSolution
		HideSolutionNode = FALSE
	EndGlobalSection
	GlobalSection(NestedProjects) = preSolution
		{ED7C1B17-CF9A-4A0A-A079-81429F6AD25C} = {02EA681E-C7D8-13C7-8484-4AC65E1B71E8}
		{12F0C7B9-AC6D-B518-0FE7-EB893F0BEE48} = {3BB2B63C-7AA9-4C0C-8C60-3CF0BD835F33}
		{5257E1A6-D5FC-4494-87A7-8C6E362C134F} = {3BB2B63C-7AA9-4C0C-8C60-3CF0BD835F33}
		{C0F36F97-4C85-42FF-AD44-2E4343D32E01} = {3BB2B63C-7AA9-4C0C-8C60-3CF0BD835F33}
		{0E374486-20CB-4EDC-BE9A-3099B7BA5C74} = {02EA681E-C7D8-13C7-8484-4AC65E1B71E8}
		{F35EA724-5AC5-405E-98B9-9DF36B371A83} = {5F33B7F1-4C8C-4BB8-AE4A-77E7EC08B7C3}
	EndGlobalSection
	GlobalSection(ExtensibilityGlobals) = postSolution
		SolutionGuid = {E979E9CA-C123-47B6-BB15-B5C3AF2F7E86}
	EndGlobalSection
EndGlobal
